
Microsoft Visual Studio Solution File, Format Version 12.00
# Visual Studio Version 16
VisualStudioVersion = 16.0.31005.135
MinimumVisualStudioVersion = 10.0.40219.1
Project("{FAE04EC0-301F-11D3-BF4B-00C04F79EFBC}") = "WindowsFormsApp41", "WindowsFormsApp41\WindowsFormsApp41.csproj", "{B42FAC64-6825-4527-AEE2-D069BCDF8DBD}"
EndProject
Global
	GlobalSection(SolutionConfigurationPlatforms) = preSolution
		Debug|Any CPU = Debug|Any CPU
		Release|Any CPU = Release|Any CPU
	EndGlobalSection
	GlobalSection(ProjectConfigurationPlatforms) = postSolution
		{B42FAC64-6825-4527-AEE2-D069BCDF8DBD}.Debug|Any CPU.ActiveCfg = Debug|Any CPU
		{B42FAC64-6825-4527-AEE2-D069BCDF8DBD}.Debug|Any CPU.Build.0 = Debug|Any CPU
		{B42FAC64-6825-4527-AEE2-D069BCDF8DBD}.Release|Any CPU.ActiveCfg = Release|Any CPU
		{B42FAC64-6825-4527-AEE2-D069BCDF8DBD}.Release|Any CPU.Build.0 = Release|Any CPU
	EndGlobalSection
	GlobalSection(SolutionProperties) = preSolution
		HideSolutionNode = FALSE
	EndGlobalSection
	GlobalSection(ExtensibilityGlobals) = postSolution
		SolutionGuid = {C6E6212F-4668-41E4-9EB5-65D58C6DAC3C}
	EndGlobalSection
EndGlobal
